
Microsoft Visual Studio Solution File, Format Version 12.00
# Visual Studio Version 16
VisualStudioVersion = 16.0.29215.179
MinimumVisualStudioVersion = 10.0.40219.1
Project("{FAE04EC0-301F-11D3-BF4B-00C04F79EFBC}") = "brickBreaker", "brickBreaker\brickBreaker.csproj", "{31A6331D-4E06-40DC-9A4D-754E01D96FD9}"
EndProject
Global
	GlobalSection(SolutionConfigurationPlatforms) = preSolution
		Debug|Any CPU = Debug|Any CPU
		Release|Any CPU = Release|Any CPU
	EndGlobalSection
	GlobalSection(ProjectConfigurationPlatforms) = postSolution
		{31A6331D-4E06-40DC-9A4D-754E01D96FD9}.Debug|Any CPU.ActiveCfg = Debug|Any CPU
		{31A6331D-4E06-40DC-9A4D-754E01D96FD9}.Debug|Any CPU.Build.0 = Debug|Any CPU
		{31A6331D-4E06-40DC-9A4D-754E01D96FD9}.Release|Any CPU.ActiveCfg = Release|Any CPU
		{31A6331D-4E06-40DC-9A4D-754E01D96FD9}.Release|Any CPU.Build.0 = Release|Any CPU
	EndGlobalSection
	GlobalSection(SolutionProperties) = preSolution
		HideSolutionNode = FALSE
	EndGlobalSection
	GlobalSection(ExtensibilityGlobals) = postSolution
		SolutionGuid = {5BFE9E5A-675E-483A-B958-8C9555C3C4D1}
	EndGlobalSection
EndGlobal
